
Microsoft Visual Studio Solution File, Format Version 12.00
# Visual Studio 14
VisualStudioVersion = 14.0.25420.1
MinimumVisualStudioVersion = 10.0.40219.1
Project("{FAE04EC0-301F-11D3-BF4B-00C04F79EFBC}") = "NotasRapidas", "NotasRapidas\NotasRapidas\NotasRapidas.csproj", "{F94A707B-F666-4000-A30C-629940118310}"
EndProject
Project("{FAE04EC0-301F-11D3-BF4B-00C04F79EFBC}") = "NotasRapidas.Droid", "NotasRapidas\NotasRapidas.Droid\NotasRapidas.Droid.csproj", "{627DC5B1-B0ED-43AF-BEAC-A019AB5A9B62}"
EndProject
Project("{FAE04EC0-301F-11D3-BF4B-00C04F79EFBC}") = "NotasRapidas.iOS", "NotasRapidas\NotasRapidas.iOS\NotasRapidas.iOS.csproj", "{37A5C5ED-2347-4E20-9451-F32C31A12A68}"
EndProject
Project("{FAE04EC0-301F-11D3-BF4B-00C04F79EFBC}") = "NotasRapidas.WinPhone", "NotasRapidas\NotasRapidas.WinPhone\NotasRapidas.WinPhone.csproj", "{D424C7F2-5405-46FF-BCCB-988352891305}"
EndProject
Project("{FAE04EC0-301F-11D3-BF4B-00C04F79EFBC}") = "NotasRapidas.UWP", "NotasRapidas\NotasRapidas.UWP\NotasRapidas.UWP.csproj", "{FAA300A1-0A8A-4691-B752-ED428BF06957}"
EndProject
Project("{FAE04EC0-301F-11D3-BF4B-00C04F79EFBC}") = "NotasRapidas.Windows", "NotasRapidas\NotasRapidas.Windows\NotasRapidas.Windows.csproj", "{A424B672-3EED-4F36-9A3B-3CDFDBDBAB4E}"
EndProject
Global
	GlobalSection(SolutionConfigurationPlatforms) = preSolution
		Ad-Hoc|Any CPU = Ad-Hoc|Any CPU
		Ad-Hoc|ARM = Ad-Hoc|ARM
		Ad-Hoc|iPhone = Ad-Hoc|iPhone
		Ad-Hoc|iPhoneSimulator = Ad-Hoc|iPhoneSimulator
		Ad-Hoc|x64 = Ad-Hoc|x64
		Ad-Hoc|x86 = Ad-Hoc|x86
		AppStore|Any CPU = AppStore|Any CPU
		AppStore|ARM = AppStore|ARM
		AppStore|iPhone = AppStore|iPhone
		AppStore|iPhoneSimulator = AppStore|iPhoneSimulator
		AppStore|x64 = AppStore|x64
		AppStore|x86 = AppStore|x86
		Debug|Any CPU = Debug|Any CPU
		Debug|ARM = Debug|ARM
		Debug|iPhone = Debug|iPhone
		Debug|iPhoneSimulator = Debug|iPhoneSimulator
		Debug|x64 = Debug|x64
		Debug|x86 = Debug|x86
		Release|Any CPU = Release|Any CPU
		Release|ARM = Release|ARM
		Release|iPhone = Release|iPhone
		Release|iPhoneSimulator = Release|iPhoneSimulator
		Release|x64 = Release|x64
		Release|x86 = Release|x86
	EndGlobalSection
	GlobalSection(ProjectConfigurationPlatforms) = postSolution
		{F94A707B-F666-4000-A30C-629940118310}.Ad-Hoc|Any CPU.ActiveCfg = Release|Any CPU
		{F94A707B-F666-4000-A30C-629940118310}.Ad-Hoc|Any CPU.Build.0 = Release|Any CPU
		{F94A707B-F666-4000-A30C-629940118310}.Ad-Hoc|ARM.ActiveCfg = Release|Any CPU
		{F94A707B-F666-4000-A30C-629940118310}.Ad-Hoc|ARM.Build.0 = Release|Any CPU
		{F94A707B-F666-4000-A30C-629940118310}.Ad-Hoc|iPhone.ActiveCfg = Release|Any CPU
		{F94A707B-F666-4000-A30C-629940118310}.Ad-Hoc|iPhone.Build.0 = Release|Any CPU
		{F94A707B-F666-4000-A30C-629940118310}.Ad-Hoc|iPhoneSimulator.ActiveCfg = Release|Any CPU
		{F94A707B-F666-4000-A30C-629940118310}.Ad-Hoc|iPhoneSimulator.Build.0 = Release|Any CPU
		{F94A707B-F666-4000-A30C-629940118310}.Ad-Hoc|x64.ActiveCfg = Release|Any CPU
		{F94A707B-F666-4000-A30C-629940118310}.Ad-Hoc|x64.Build.0 = Release|Any CPU
		{F94A707B-F666-4000-A30C-629940118310}.Ad-Hoc|x86.ActiveCfg = Release|Any CPU
		{F94A707B-F666-4000-A30C-629940118310}.Ad-Hoc|x86.Build.0 = Release|Any CPU
		{F94A707B-F666-4000-A30C-629940118310}.AppStore|Any CPU.ActiveCfg = Release|Any CPU
		{F94A707B-F666-4000-A30C-629940118310}.AppStore|Any CPU.Build.0 = Release|Any CPU
		{F94A707B-F666-4000-A30C-629940118310}.AppStore|ARM.ActiveCfg = Release|Any CPU
		{F94A707B-F666-4000-A30C-629940118310}.AppStore|ARM.Build.0 = Release|Any CPU
		{F94A707B-F666-4000-A30C-629940118310}.AppStore|iPhone.ActiveCfg = Release|Any CPU
		{F94A707B-F666-4000-A30C-629940118310}.AppStore|iPhone.Build.0 = Release|Any CPU
		{F94A707B-F666-4000-A30C-629940118310}.AppStore|iPhoneSimulator.ActiveCfg = Release|Any CPU
		{F94A707B-F666-4000-A30C-629940118310}.AppStore|iPhoneSimulator.Build.0 = Release|Any CPU
		{F94A707B-F666-4000-A30C-629940118310}.AppStore|x64.ActiveCfg = Release|Any CPU
		{F94A707B-F666-4000-A30C-629940118310}.AppStore|x64.Build.0 = Release|Any CPU
		{F94A707B-F666-4000-A30C-629940118310}.AppStore|x86.ActiveCfg = Release|Any CPU
		{F94A707B-F666-4000-A30C-629940118310}.AppStore|x86.Build.0 = Release|Any CPU
		{F94A707B-F666-4000-A30C-629940118310}.Debug|Any CPU.ActiveCfg = Debug|Any CPU
		{F94A707B-F666-4000-A30C-629940118310}.Debug|Any CPU.Build.0 = Debug|Any CPU
		{F94A707B-F666-4000-A30C-629940118310}.Debug|ARM.ActiveCfg = Debug|Any CPU
		{F94A707B-F666-4000-A30C-629940118310}.Debug|ARM.Build.0 = Debug|Any CPU
		{F94A707B-F666-4000-A30C-629940118310}.Debug|iPhone.ActiveCfg = Debug|Any CPU
		{F94A707B-F666-4000-A30C-629940118310}.Debug|iPhone.Build.0 = Debug|Any CPU
		{F94A707B-F666-4000-A30C-629940118310}.Debug|iPhoneSimulator.ActiveCfg = Debug|Any CPU
		{F94A707B-F666-4000-A30C-629940118310}.Debug|iPhoneSimulator.Build.0 = Debug|Any CPU
		{F94A707B-F666-4000-A30C-629940118310}.Debug|x64.ActiveCfg = Debug|Any CPU
		{F94A707B-F666-4000-A30C-629940118310}.Debug|x64.Build.0 = Debug|Any CPU
		{F94A707B-F666-4000-A30C-629940118310}.Debug|x86.ActiveCfg = Debug|Any CPU
		{F94A707B-F666-4000-A30C-629940118310}.Debug|x86.Build.0 = Debug|Any CPU
		{F94A707B-F666-4000-A30C-629940118310}.Release|Any CPU.ActiveCfg = Release|Any CPU
		{F94A707B-F666-4000-A30C-629940118310}.Release|Any CPU.Build.0 = Release|Any CPU
		{F94A707B-F666-4000-A30C-629940118310}.Release|ARM.ActiveCfg = Release|Any CPU
		{F94A707B-F666-4000-A30C-629940118310}.Release|ARM.Build.0 = Release|Any CPU
		{F94A707B-F666-4000-A30C-629940118310}.Release|iPhone.ActiveCfg = Release|Any CPU
		{F94A707B-F666-4000-A30C-629940118310}.Release|iPhone.Build.0 = Release|Any CPU
		{F94A707B-F666-4000-A30C-629940118310}.Release|iPhoneSimulator.ActiveCfg = Release|Any CPU
		{F94A707B-F666-4000-A30C-629940118310}.Release|iPhoneSimulator.Build.0 = Release|Any CPU
		{F94A707B-F666-4000-A30C-629940118310}.Release|x64.ActiveCfg = Release|Any CPU
		{F94A707B-F666-4000-A30C-629940118310}.Release|x64.Build.0 = Release|Any CPU
		{F94A707B-F666-4000-A30C-629940118310}.Release|x86.ActiveCfg = Release|Any CPU
		{F94A707B-F666-4000-A30C-629940118310}.Release|x86.Build.0 = Release|Any CPU
		{627DC5B1-B0ED-43AF-BEAC-A019AB5A9B62}.Ad-Hoc|Any CPU.ActiveCfg = Release|Any CPU
		{627DC5B1-B0ED-43AF-BEAC-A019AB5A9B62}.Ad-Hoc|Any CPU.Build.0 = Release|Any CPU
		{627DC5B1-B0ED-43AF-BEAC-A019AB5A9B62}.Ad-Hoc|Any CPU.Deploy.0 = Release|Any CPU
		{627DC5B1-B0ED-43AF-BEAC-A019AB5A9B62}.Ad-Hoc|ARM.ActiveCfg = Release|Any CPU
		{627DC5B1-B0ED-43AF-BEAC-A019AB5A9B62}.Ad-Hoc|ARM.Build.0 = Release|Any CPU
		{627DC5B1-B0ED-43AF-BEAC-A019AB5A9B62}.Ad-Hoc|ARM.Deploy.0 = Release|Any CPU
		{627DC5B1-B0ED-43AF-BEAC-A019AB5A9B62}.Ad-Hoc|iPhone.ActiveCfg = Release|Any CPU
		{627DC5B1-B0ED-43AF-BEAC-A019AB5A9B62}.Ad-Hoc|iPhone.Build.0 = Release|Any CPU
		{627DC5B1-B0ED-43AF-BEAC-A019AB5A9B62}.Ad-Hoc|iPhone.Deploy.0 = Release|Any CPU
		{627DC5B1-B0ED-43AF-BEAC-A019AB5A9B62}.Ad-Hoc|iPhoneSimulator.ActiveCfg = Release|Any CPU
		{627DC5B1-B0ED-43AF-BEAC-A019AB5A9B62}.Ad-Hoc|iPhoneSimulator.Build.0 = Release|Any CPU
		{627DC5B1-B0ED-43AF-BEAC-A019AB5A9B62}.Ad-Hoc|iPhoneSimulator.Deploy.0 = Release|Any CPU
		{627DC5B1-B0ED-43AF-BEAC-A019AB5A9B62}.Ad-Hoc|x64.ActiveCfg = Release|Any CPU
		{627DC5B1-B0ED-43AF-BEAC-A019AB5A9B62}.Ad-Hoc|x64.Build.0 = Release|Any CPU
		{627DC5B1-B0ED-43AF-BEAC-A019AB5A9B62}.Ad-Hoc|x64.Deploy.0 = Release|Any CPU
		{627DC5B1-B0ED-43AF-BEAC-A019AB5A9B62}.Ad-Hoc|x86.ActiveCfg = Release|Any CPU
		{627DC5B1-B0ED-43AF-BEAC-A019AB5A9B62}.Ad-Hoc|x86.Build.0 = Release|Any CPU
		{627DC5B1-B0ED-43AF-BEAC-A019AB5A9B62}.Ad-Hoc|x86.Deploy.0 = Release|Any CPU
		{627DC5B1-B0ED-43AF-BEAC-A019AB5A9B62}.AppStore|Any CPU.ActiveCfg = Release|Any CPU
		{627DC5B1-B0ED-43AF-BEAC-A019AB5A9B62}.AppStore|Any CPU.Build.0 = Release|Any CPU
		{627DC5B1-B0ED-43AF-BEAC-A019AB5A9B62}.AppStore|Any CPU.Deploy.0 = Release|Any CPU
		{627DC5B1-B0ED-43AF-BEAC-A019AB5A9B62}.AppStore|ARM.ActiveCfg = Release|Any CPU
		{627DC5B1-B0ED-43AF-BEAC-A019AB5A9B62}.AppStore|ARM.Build.0 = Release|Any CPU
		{627DC5B1-B0ED-43AF-BEAC-A019AB5A9B62}.AppStore|ARM.Deploy.0 = Release|Any CPU
		{627DC5B1-B0ED-43AF-BEAC-A019AB5A9B62}.AppStore|iPhone.ActiveCfg = Release|Any CPU
		{627DC5B1-B0ED-43AF-BEAC-A019AB5A9B62}.AppStore|iPhone.Build.0 = Release|Any CPU
		{627DC5B1-B0ED-43AF-BEAC-A019AB5A9B62}.AppStore|iPhone.Deploy.0 = Release|Any CPU
		{627DC5B1-B0ED-43AF-BEAC-A019AB5A9B62}.AppStore|iPhoneSimulator.ActiveCfg = Release|Any CPU
		{627DC5B1-B0ED-43AF-BEAC-A019AB5A9B62}.AppStore|iPhoneSimulator.Build.0 = Release|Any CPU
		{627DC5B1-B0ED-43AF-BEAC-A019AB5A9B62}.AppStore|iPhoneSimulator.Deploy.0 = Release|Any CPU
		{627DC5B1-B0ED-43AF-BEAC-A019AB5A9B62}.AppStore|x64.ActiveCfg = Release|Any CPU
		{627DC5B1-B0ED-43AF-BEAC-A019AB5A9B62}.AppStore|x64.Build.0 = Release|Any CPU
		{627DC5B1-B0ED-43AF-BEAC-A019AB5A9B62}.AppStore|x64.Deploy.0 = Release|Any CPU
		{627DC5B1-B0ED-43AF-BEAC-A019AB5A9B62}.AppStore|x86.ActiveCfg = Release|Any CPU
		{627DC5B1-B0ED-43AF-BEAC-A019AB5A9B62}.AppStore|x86.Build.0 = Release|Any CPU
		{627DC5B1-B0ED-43AF-BEAC-A019AB5A9B62}.AppStore|x86.Deploy.0 = Release|Any CPU
		{627DC5B1-B0ED-43AF-BEAC-A019AB5A9B62}.Debug|Any CPU.ActiveCfg = Debug|Any CPU
		{627DC5B1-B0ED-43AF-BEAC-A019AB5A9B62}.Debug|Any CPU.Build.0 = Debug|Any CPU
		{627DC5B1-B0ED-43AF-BEAC-A019AB5A9B62}.Debug|Any CPU.Deploy.0 = Debug|Any CPU
		{627DC5B1-B0ED-43AF-BEAC-A019AB5A9B62}.Debug|ARM.ActiveCfg = Debug|Any CPU
		{627DC5B1-B0ED-43AF-BEAC-A019AB5A9B62}.Debug|ARM.Build.0 = Debug|Any CPU
		{627DC5B1-B0ED-43AF-BEAC-A019AB5A9B62}.Debug|ARM.Deploy.0 = Debug|Any CPU
		{627DC5B1-B0ED-43AF-BEAC-A019AB5A9B62}.Debug|iPhone.ActiveCfg = Debug|Any CPU
		{627DC5B1-B0ED-43AF-BEAC-A019AB5A9B62}.Debug|iPhone.Build.0 = Debug|Any CPU
		{627DC5B1-B0ED-43AF-BEAC-A019AB5A9B62}.Debug|iPhone.Deploy.0 = Debug|Any CPU
		{627DC5B1-B0ED-43AF-BEAC-A019AB5A9B62}.Debug|iPhoneSimulator.ActiveCfg = Debug|Any CPU
		{627DC5B1-B0ED-43AF-BEAC-A019AB5A9B62}.Debug|iPhoneSimulator.Build.0 = Debug|Any CPU
		{627DC5B1-B0ED-43AF-BEAC-A019AB5A9B62}.Debug|iPhoneSimulator.Deploy.0 = Debug|Any CPU
		{627DC5B1-B0ED-43AF-BEAC-A019AB5A9B62}.Debug|x64.ActiveCfg = Debug|Any CPU
		{627DC5B1-B0ED-43AF-BEAC-A019AB5A9B62}.Debug|x64.Build.0 = Debug|Any CPU
		{627DC5B1-B0ED-43AF-BEAC-A019AB5A9B62}.Debug|x64.Deploy.0 = Debug|Any CPU
		{627DC5B1-B0ED-43AF-BEAC-A019AB5A9B62}.Debug|x86.ActiveCfg = Debug|Any CPU
		{627DC5B1-B0ED-43AF-BEAC-A019AB5A9B62}.Debug|x86.Build.0 = Debug|Any CPU
		{627DC5B1-B0ED-43AF-BEAC-A019AB5A9B62}.Debug|x86.Deploy.0 = Debug|Any CPU
		{627DC5B1-B0ED-43AF-BEAC-A019AB5A9B62}.Release|Any CPU.ActiveCfg = Release|Any CPU
		{627DC5B1-B0ED-43AF-BEAC-A019AB5A9B62}.Release|Any CPU.Build.0 = Release|Any CPU
		{627DC5B1-B0ED-43AF-BEAC-A019AB5A9B62}.Release|Any CPU.Deploy.0 = Release|Any CPU
		{627DC5B1-B0ED-43AF-BEAC-A019AB5A9B62}.Release|ARM.ActiveCfg = Release|Any CPU
		{627DC5B1-B0ED-43AF-BEAC-A019AB5A9B62}.Release|ARM.Build.0 = Release|Any CPU
		{627DC5B1-B0ED-43AF-BEAC-A019AB5A9B62}.Release|ARM.Deploy.0 = Release|Any CPU
		{627DC5B1-B0ED-43AF-BEAC-A019AB5A9B62}.Release|iPhone.ActiveCfg = Release|Any CPU
		{627DC5B1-B0ED-43AF-BEAC-A019AB5A9B62}.Release|iPhone.Build.0 = Release|Any CPU
		{627DC5B1-B0ED-43AF-BEAC-A019AB5A9B62}.Release|iPhone.Deploy.0 = Release|Any CPU
		{627DC5B1-B0ED-43AF-BEAC-A019AB5A9B62}.Release|iPhoneSimulator.ActiveCfg = Release|Any CPU
		{627DC5B1-B0ED-43AF-BEAC-A019AB5A9B62}.Release|iPhoneSimulator.Build.0 = Release|Any CPU
		{627DC5B1-B0ED-43AF-BEAC-A019AB5A9B62}.Release|iPhoneSimulator.Deploy.0 = Release|Any CPU
		{627DC5B1-B0ED-43AF-BEAC-A019AB5A9B62}.Release|x64.ActiveCfg = Release|Any CPU
		{627DC5B1-B0ED-43AF-BEAC-A019AB5A9B62}.Release|x64.Build.0 = Release|Any CPU
		{627DC5B1-B0ED-43AF-BEAC-A019AB5A9B62}.Release|x64.Deploy.0 = Release|Any CPU
		{627DC5B1-B0ED-43AF-BEAC-A019AB5A9B62}.Release|x86.ActiveCfg = Release|Any CPU
		{627DC5B1-B0ED-43AF-BEAC-A019AB5A9B62}.Release|x86.Build.0 = Release|Any CPU
		{627DC5B1-B0ED-43AF-BEAC-A019AB5A9B62}.Release|x86.Deploy.0 = Release|Any CPU
		{37A5C5ED-2347-4E20-9451-F32C31A12A68}.Ad-Hoc|Any CPU.ActiveCfg = Ad-Hoc|iPhone
		{37A5C5ED-2347-4E20-9451-F32C31A12A68}.Ad-Hoc|ARM.ActiveCfg = Ad-Hoc|iPhone
		{37A5C5ED-2347-4E20-9451-F32C31A12A68}.Ad-Hoc|iPhone.ActiveCfg = Ad-Hoc|iPhone
		{37A5C5ED-2347-4E20-9451-F32C31A12A68}.Ad-Hoc|iPhone.Build.0 = Ad-Hoc|iPhone
		{37A5C5ED-2347-4E20-9451-F32C31A12A68}.Ad-Hoc|iPhoneSimulator.ActiveCfg = Ad-Hoc|iPhoneSimulator
		{37A5C5ED-2347-4E20-9451-F32C31A12A68}.Ad-Hoc|iPhoneSimulator.Build.0 = Ad-Hoc|iPhoneSimulator
		{37A5C5ED-2347-4E20-9451-F32C31A12A68}.Ad-Hoc|x64.ActiveCfg = Ad-Hoc|iPhone
		{37A5C5ED-2347-4E20-9451-F32C31A12A68}.Ad-Hoc|x86.ActiveCfg = Ad-Hoc|iPhone
		{37A5C5ED-2347-4E20-9451-F32C31A12A68}.AppStore|Any CPU.ActiveCfg = AppStore|iPhone
		{37A5C5ED-2347-4E20-9451-F32C31A12A68}.AppStore|ARM.ActiveCfg = AppStore|iPhone
		{37A5C5ED-2347-4E20-9451-F32C31A12A68}.AppStore|iPhone.ActiveCfg = AppStore|iPhone
		{37A5C5ED-2347-4E20-9451-F32C31A12A68}.AppStore|iPhone.Build.0 = AppStore|iPhone
		{37A5C5ED-2347-4E20-9451-F32C31A12A68}.AppStore|iPhoneSimulator.ActiveCfg = AppStore|iPhoneSimulator
		{37A5C5ED-2347-4E20-9451-F32C31A12A68}.AppStore|iPhoneSimulator.Build.0 = AppStore|iPhoneSimulator
		{37A5C5ED-2347-4E20-9451-F32C31A12A68}.AppStore|x64.ActiveCfg = AppStore|iPhone
		{37A5C5ED-2347-4E20-9451-F32C31A12A68}.AppStore|x86.ActiveCfg = AppStore|iPhone
		{37A5C5ED-2347-4E20-9451-F32C31A12A68}.Debug|Any CPU.ActiveCfg = Debug|iPhone
		{37A5C5ED-2347-4E20-9451-F32C31A12A68}.Debug|ARM.ActiveCfg = Debug|iPhone
		{37A5C5ED-2347-4E20-9451-F32C31A12A68}.Debug|iPhone.ActiveCfg = Debug|iPhone
		{37A5C5ED-2347-4E20-9451-F32C31A12A68}.Debug|iPhone.Build.0 = Debug|iPhone
		{37A5C5ED-2347-4E20-9451-F32C31A12A68}.Debug|iPhoneSimulator.ActiveCfg = Debug|iPhoneSimulator
		{37A5C5ED-2347-4E20-9451-F32C31A12A68}.Debug|iPhoneSimulator.Build.0 = Debug|iPhoneSimulator
		{37A5C5ED-2347-4E20-9451-F32C31A12A68}.Debug|x64.ActiveCfg = Debug|iPhone
		{37A5C5ED-2347-4E20-9451-F32C31A12A68}.Debug|x86.ActiveCfg = Debug|iPhone
		{37A5C5ED-2347-4E20-9451-F32C31A12A68}.Release|Any CPU.ActiveCfg = Release|iPhone
		{37A5C5ED-2347-4E20-9451-F32C31A12A68}.Release|ARM.ActiveCfg = Release|iPhone
		{37A5C5ED-2347-4E20-9451-F32C31A12A68}.Release|iPhone.ActiveCfg = Release|iPhone
		{37A5C5ED-2347-4E20-9451-F32C31A12A68}.Release|iPhone.Build.0 = Release|iPhone
		{37A5C5ED-2347-4E20-9451-F32C31A12A68}.Release|iPhoneSimulator.ActiveCfg = Release|iPhoneSimulator
		{37A5C5ED-2347-4E20-9451-F32C31A12A68}.Release|iPhoneSimulator.Build.0 = Release|iPhoneSimulator
		{37A5C5ED-2347-4E20-9451-F32C31A12A68}.Release|x64.ActiveCfg = Release|iPhone
		{37A5C5ED-2347-4E20-9451-F32C31A12A68}.Release|x86.ActiveCfg = Release|iPhone
		{D424C7F2-5405-46FF-BCCB-988352891305}.Ad-Hoc|Any CPU.ActiveCfg = Release|Any CPU
		{D424C7F2-5405-46FF-BCCB-988352891305}.Ad-Hoc|Any CPU.Build.0 = Release|Any CPU
		{D424C7F2-5405-46FF-BCCB-988352891305}.Ad-Hoc|Any CPU.Deploy.0 = Release|Any CPU
		{D424C7F2-5405-46FF-BCCB-988352891305}.Ad-Hoc|ARM.ActiveCfg = Release|ARM
		{D424C7F2-5405-46FF-BCCB-988352891305}.Ad-Hoc|ARM.Build.0 = Release|ARM
		{D424C7F2-5405-46FF-BCCB-988352891305}.Ad-Hoc|ARM.Deploy.0 = Release|ARM
		{D424C7F2-5405-46FF-BCCB-988352891305}.Ad-Hoc|iPhone.ActiveCfg = Release|Any CPU
		{D424C7F2-5405-46FF-BCCB-988352891305}.Ad-Hoc|iPhone.Build.0 = Release|Any CPU
		{D424C7F2-5405-46FF-BCCB-988352891305}.Ad-Hoc|iPhone.Deploy.0 = Release|Any CPU
		{D424C7F2-5405-46FF-BCCB-988352891305}.Ad-Hoc|iPhoneSimulator.ActiveCfg = Release|Any CPU
		{D424C7F2-5405-46FF-BCCB-988352891305}.Ad-Hoc|iPhoneSimulator.Build.0 = Release|Any CPU
		{D424C7F2-5405-46FF-BCCB-988352891305}.Ad-Hoc|iPhoneSimulator.Deploy.0 = Release|Any CPU
		{D424C7F2-5405-46FF-BCCB-988352891305}.Ad-Hoc|x64.ActiveCfg = Release|Any CPU
		{D424C7F2-5405-46FF-BCCB-988352891305}.Ad-Hoc|x64.Build.0 = Release|Any CPU
		{D424C7F2-5405-46FF-BCCB-988352891305}.Ad-Hoc|x64.Deploy.0 = Release|Any CPU
		{D424C7F2-5405-46FF-BCCB-988352891305}.Ad-Hoc|x86.ActiveCfg = Release|x86
		{D424C7F2-5405-46FF-BCCB-988352891305}.Ad-Hoc|x86.Build.0 = Release|x86
		{D424C7F2-5405-46FF-BCCB-988352891305}.Ad-Hoc|x86.Deploy.0 = Release|x86
		{D424C7F2-5405-46FF-BCCB-988352891305}.AppStore|Any CPU.ActiveCfg = Release|Any CPU
		{D424C7F2-5405-46FF-BCCB-988352891305}.AppStore|Any CPU.Build.0 = Release|Any CPU
		{D424C7F2-5405-46FF-BCCB-988352891305}.AppStore|Any CPU.Deploy.0 = Release|Any CPU
		{D424C7F2-5405-46FF-BCCB-988352891305}.AppStore|ARM.ActiveCfg = Release|ARM
		{D424C7F2-5405-46FF-BCCB-988352891305}.AppStore|ARM.Build.0 = Release|ARM
		{D424C7F2-5405-46FF-BCCB-988352891305}.AppStore|ARM.Deploy.0 = Release|ARM
		{D424C7F2-5405-46FF-BCCB-988352891305}.AppStore|iPhone.ActiveCfg = Release|Any CPU
		{D424C7F2-5405-46FF-BCCB-988352891305}.AppStore|iPhone.Build.0 = Release|Any CPU
		{D424C7F2-5405-46FF-BCCB-988352891305}.AppStore|iPhone.Deploy.0 = Release|Any CPU
		{D424C7F2-5405-46FF-BCCB-988352891305}.AppStore|iPhoneSimulator.ActiveCfg = Release|Any CPU
		{D424C7F2-5405-46FF-BCCB-988352891305}.AppStore|iPhoneSimulator.Build.0 = Release|Any CPU
		{D424C7F2-5405-46FF-BCCB-988352891305}.AppStore|iPhoneSimulator.Deploy.0 = Release|Any CPU
		{D424C7F2-5405-46FF-BCCB-988352891305}.AppStore|x64.ActiveCfg = Release|Any CPU
		{D424C7F2-5405-46FF-BCCB-988352891305}.AppStore|x64.Build.0 = Release|Any CPU
		{D424C7F2-5405-46FF-BCCB-988352891305}.AppStore|x64.Deploy.0 = Release|Any CPU
		{D424C7F2-5405-46FF-BCCB-988352891305}.AppStore|x86.ActiveCfg = Release|x86
		{D424C7F2-5405-46FF-BCCB-988352891305}.AppStore|x86.Build.0 = Release|x86
		{D424C7F2-5405-46FF-BCCB-988352891305}.AppStore|x86.Deploy.0 = Release|x86
		{D424C7F2-5405-46FF-BCCB-988352891305}.Debug|Any CPU.ActiveCfg = Debug|Any CPU
		{D424C7F2-5405-46FF-BCCB-988352891305}.Debug|Any CPU.Build.0 = Debug|Any CPU
		{D424C7F2-5405-46FF-BCCB-988352891305}.Debug|Any CPU.Deploy.0 = Debug|Any CPU
		{D424C7F2-5405-46FF-BCCB-988352891305}.Debug|ARM.ActiveCfg = Debug|ARM
		{D424C7F2-5405-46FF-BCCB-988352891305}.Debug|ARM.Build.0 = Debug|ARM
		{D424C7F2-5405-46FF-BCCB-988352891305}.Debug|ARM.Deploy.0 = Debug|ARM
		{D424C7F2-5405-46FF-BCCB-988352891305}.Debug|iPhone.ActiveCfg = Debug|Any CPU
		{D424C7F2-5405-46FF-BCCB-988352891305}.Debug|iPhone.Build.0 = Debug|Any CPU
		{D424C7F2-5405-46FF-BCCB-988352891305}.Debug|iPhone.Deploy.0 = Debug|Any CPU
		{D424C7F2-5405-46FF-BCCB-988352891305}.Debug|iPhoneSimulator.ActiveCfg = Debug|Any CPU
		{D424C7F2-5405-46FF-BCCB-988352891305}.Debug|iPhoneSimulator.Build.0 = Debug|Any CPU
		{D424C7F2-5405-46FF-BCCB-988352891305}.Debug|iPhoneSimulator.Deploy.0 = Debug|Any CPU
		{D424C7F2-5405-46FF-BCCB-988352891305}.Debug|x64.ActiveCfg = Debug|Any CPU
		{D424C7F2-5405-46FF-BCCB-988352891305}.Debug|x64.Build.0 = Debug|Any CPU
		{D424C7F2-5405-46FF-BCCB-988352891305}.Debug|x64.Deploy.0 = Debug|Any CPU
		{D424C7F2-5405-46FF-BCCB-988352891305}.Debug|x86.ActiveCfg = Debug|x86
		{D424C7F2-5405-46FF-BCCB-988352891305}.Debug|x86.Build.0 = Debug|x86
		{D424C7F2-5405-46FF-BCCB-988352891305}.Debug|x86.Deploy.0 = Debug|x86
		{D424C7F2-5405-46FF-BCCB-988352891305}.Release|Any CPU.ActiveCfg = Release|Any CPU
		{D424C7F2-5405-46FF-BCCB-988352891305}.Release|Any CPU.Build.0 = Release|Any CPU
		{D424C7F2-5405-46FF-BCCB-988352891305}.Release|Any CPU.Deploy.0 = Release|Any CPU
		{D424C7F2-5405-46FF-BCCB-988352891305}.Release|ARM.ActiveCfg = Release|ARM
		{D424C7F2-5405-46FF-BCCB-988352891305}.Release|ARM.Build.0 = Release|ARM
		{D424C7F2-5405-46FF-BCCB-988352891305}.Release|ARM.Deploy.0 = Release|ARM
		{D424C7F2-5405-46FF-BCCB-988352891305}.Release|iPhone.ActiveCfg = Release|Any CPU
		{D424C7F2-5405-46FF-BCCB-988352891305}.Release|iPhone.Build.0 = Release|Any CPU
		{D424C7F2-5405-46FF-BCCB-988352891305}.Release|iPhone.Deploy.0 = Release|Any CPU
		{D424C7F2-5405-46FF-BCCB-988352891305}.Release|iPhoneSimulator.ActiveCfg = Release|Any CPU
		{D424C7F2-5405-46FF-BCCB-988352891305}.Release|iPhoneSimulator.Build.0 = Release|Any CPU
		{D424C7F2-5405-46FF-BCCB-988352891305}.Release|iPhoneSimulator.Deploy.0 = Release|Any CPU
		{D424C7F2-5405-46FF-BCCB-988352891305}.Release|x64.ActiveCfg = Release|Any CPU
		{D424C7F2-5405-46FF-BCCB-988352891305}.Release|x64.Build.0 = Release|Any CPU
		{D424C7F2-5405-46FF-BCCB-988352891305}.Release|x64.Deploy.0 = Release|Any CPU
		{D424C7F2-5405-46FF-BCCB-988352891305}.Release|x86.ActiveCfg = Release|x86
		{D424C7F2-5405-46FF-BCCB-988352891305}.Release|x86.Build.0 = Release|x86
		{D424C7F2-5405-46FF-BCCB-988352891305}.Release|x86.Deploy.0 = Release|x86
		{FAA300A1-0A8A-4691-B752-ED428BF06957}.Ad-Hoc|Any CPU.ActiveCfg = Release|x86
		{FAA300A1-0A8A-4691-B752-ED428BF06957}.Ad-Hoc|Any CPU.Build.0 = Release|x86
		{FAA300A1-0A8A-4691-B752-ED428BF06957}.Ad-Hoc|Any CPU.Deploy.0 = Release|x86
		{FAA300A1-0A8A-4691-B752-ED428BF06957}.Ad-Hoc|ARM.ActiveCfg = Release|ARM
		{FAA300A1-0A8A-4691-B752-ED428BF06957}.Ad-Hoc|ARM.Build.0 = Release|ARM
		{FAA300A1-0A8A-4691-B752-ED428BF06957}.Ad-Hoc|ARM.Deploy.0 = Release|ARM
		{FAA300A1-0A8A-4691-B752-ED428BF06957}.Ad-Hoc|iPhone.ActiveCfg = Release|x86
		{FAA300A1-0A8A-4691-B752-ED428BF06957}.Ad-Hoc|iPhone.Build.0 = Release|x86
		{FAA300A1-0A8A-4691-B752-ED428BF06957}.Ad-Hoc|iPhone.Deploy.0 = Release|x86
		{FAA300A1-0A8A-4691-B752-ED428BF06957}.Ad-Hoc|iPhoneSimulator.ActiveCfg = Release|x86
		{FAA300A1-0A8A-4691-B752-ED428BF06957}.Ad-Hoc|iPhoneSimulator.Build.0 = Release|x86
		{FAA300A1-0A8A-4691-B752-ED428BF06957}.Ad-Hoc|iPhoneSimulator.Deploy.0 = Release|x86
		{FAA300A1-0A8A-4691-B752-ED428BF06957}.Ad-Hoc|x64.ActiveCfg = Release|x64
		{FAA300A1-0A8A-4691-B752-ED428BF06957}.Ad-Hoc|x64.Build.0 = Release|x64
		{FAA300A1-0A8A-4691-B752-ED428BF06957}.Ad-Hoc|x64.Deploy.0 = Release|x64
		{FAA300A1-0A8A-4691-B752-ED428BF06957}.Ad-Hoc|x86.ActiveCfg = Release|x86
		{FAA300A1-0A8A-4691-B752-ED428BF06957}.Ad-Hoc|x86.Build.0 = Release|x86
		{FAA300A1-0A8A-4691-B752-ED428BF06957}.Ad-Hoc|x86.Deploy.0 = Release|x86
		{FAA300A1-0A8A-4691-B752-ED428BF06957}.AppStore|Any CPU.ActiveCfg = Release|x86
		{FAA300A1-0A8A-4691-B752-ED428BF06957}.AppStore|Any CPU.Build.0 = Release|x86
		{FAA300A1-0A8A-4691-B752-ED428BF06957}.AppStore|Any CPU.Deploy.0 = Release|x86
		{FAA300A1-0A8A-4691-B752-ED428BF06957}.AppStore|ARM.ActiveCfg = Release|ARM
		{FAA300A1-0A8A-4691-B752-ED428BF06957}.AppStore|ARM.Build.0 = Release|ARM
		{FAA300A1-0A8A-4691-B752-ED428BF06957}.AppStore|ARM.Deploy.0 = Release|ARM
		{FAA300A1-0A8A-4691-B752-ED428BF06957}.AppStore|iPhone.ActiveCfg = Release|x86
		{FAA300A1-0A8A-4691-B752-ED428BF06957}.AppStore|iPhone.Build.0 = Release|x86
		{FAA300A1-0A8A-4691-B752-ED428BF06957}.AppStore|iPhone.Deploy.0 = Release|x86
		{FAA300A1-0A8A-4691-B752-ED428BF06957}.AppStore|iPhoneSimulator.ActiveCfg = Release|x86
		{FAA300A1-0A8A-4691-B752-ED428BF06957}.AppStore|iPhoneSimulator.Build.0 = Release|x86
		{FAA300A1-0A8A-4691-B752-ED428BF06957}.AppStore|iPhoneSimulator.Deploy.0 = Release|x86
		{FAA300A1-0A8A-4691-B752-ED428BF06957}.AppStore|x64.ActiveCfg = Release|x64
		{FAA300A1-0A8A-4691-B752-ED428BF06957}.AppStore|x64.Build.0 = Release|x64
		{FAA300A1-0A8A-4691-B752-ED428BF06957}.AppStore|x64.Deploy.0 = Release|x64
		{FAA300A1-0A8A-4691-B752-ED428BF06957}.AppStore|x86.ActiveCfg = Release|x86
		{FAA300A1-0A8A-4691-B752-ED428BF06957}.AppStore|x86.Build.0 = Release|x86
		{FAA300A1-0A8A-4691-B752-ED428BF06957}.AppStore|x86.Deploy.0 = Release|x86
		{FAA300A1-0A8A-4691-B752-ED428BF06957}.Debug|Any CPU.ActiveCfg = Debug|x86
		{FAA300A1-0A8A-4691-B752-ED428BF06957}.Debug|ARM.ActiveCfg = Debug|ARM
		{FAA300A1-0A8A-4691-B752-ED428BF06957}.Debug|ARM.Build.0 = Debug|ARM
		{FAA300A1-0A8A-4691-B752-ED428BF06957}.Debug|ARM.Deploy.0 = Debug|ARM
		{FAA300A1-0A8A-4691-B752-ED428BF06957}.Debug|iPhone.ActiveCfg = Debug|x86
		{FAA300A1-0A8A-4691-B752-ED428BF06957}.Debug|iPhoneSimulator.ActiveCfg = Debug|x86
		{FAA300A1-0A8A-4691-B752-ED428BF06957}.Debug|x64.ActiveCfg = Debug|x64
		{FAA300A1-0A8A-4691-B752-ED428BF06957}.Debug|x64.Build.0 = Debug|x64
		{FAA300A1-0A8A-4691-B752-ED428BF06957}.Debug|x64.Deploy.0 = Debug|x64
		{FAA300A1-0A8A-4691-B752-ED428BF06957}.Debug|x86.ActiveCfg = Debug|x86
		{FAA300A1-0A8A-4691-B752-ED428BF06957}.Debug|x86.Build.0 = Debug|x86
		{FAA300A1-0A8A-4691-B752-ED428BF06957}.Debug|x86.Deploy.0 = Debug|x86
		{FAA300A1-0A8A-4691-B752-ED428BF06957}.Release|Any CPU.ActiveCfg = Release|x86
		{FAA300A1-0A8A-4691-B752-ED428BF06957}.Release|ARM.ActiveCfg = Release|ARM
		{FAA300A1-0A8A-4691-B752-ED428BF06957}.Release|ARM.Build.0 = Release|ARM
		{FAA300A1-0A8A-4691-B752-ED428BF06957}.Release|ARM.Deploy.0 = Release|ARM
		{FAA300A1-0A8A-4691-B752-ED428BF06957}.Release|iPhone.ActiveCfg = Release|x86
		{FAA300A1-0A8A-4691-B752-ED428BF06957}.Release|iPhoneSimulator.ActiveCfg = Release|x86
		{FAA300A1-0A8A-4691-B752-ED428BF06957}.Release|x64.ActiveCfg = Release|x64
		{FAA300A1-0A8A-4691-B752-ED428BF06957}.Release|x64.Build.0 = Release|x64
		{FAA300A1-0A8A-4691-B752-ED428BF06957}.Release|x64.Deploy.0 = Release|x64
		{FAA300A1-0A8A-4691-B752-ED428BF06957}.Release|x86.ActiveCfg = Release|x86
		{FAA300A1-0A8A-4691-B752-ED428BF06957}.Release|x86.Build.0 = Release|x86
		{FAA300A1-0A8A-4691-B752-ED428BF06957}.Release|x86.Deploy.0 = Release|x86
		{A424B672-3EED-4F36-9A3B-3CDFDBDBAB4E}.Ad-Hoc|Any CPU.ActiveCfg = Release|Any CPU
		{A424B672-3EED-4F36-9A3B-3CDFDBDBAB4E}.Ad-Hoc|Any CPU.Build.0 = Release|Any CPU
		{A424B672-3EED-4F36-9A3B-3CDFDBDBAB4E}.Ad-Hoc|Any CPU.Deploy.0 = Release|Any CPU
		{A424B672-3EED-4F36-9A3B-3CDFDBDBAB4E}.Ad-Hoc|ARM.ActiveCfg = Release|ARM
		{A424B672-3EED-4F36-9A3B-3CDFDBDBAB4E}.Ad-Hoc|ARM.Build.0 = Release|ARM
		{A424B672-3EED-4F36-9A3B-3CDFDBDBAB4E}.Ad-Hoc|ARM.Deploy.0 = Release|ARM
		{A424B672-3EED-4F36-9A3B-3CDFDBDBAB4E}.Ad-Hoc|iPhone.ActiveCfg = Release|Any CPU
		{A424B672-3EED-4F36-9A3B-3CDFDBDBAB4E}.Ad-Hoc|iPhone.Build.0 = Release|Any CPU
		{A424B672-3EED-4F36-9A3B-3CDFDBDBAB4E}.Ad-Hoc|iPhone.Deploy.0 = Release|Any CPU
		{A424B672-3EED-4F36-9A3B-3CDFDBDBAB4E}.Ad-Hoc|iPhoneSimulator.ActiveCfg = Release|Any CPU
		{A424B672-3EED-4F36-9A3B-3CDFDBDBAB4E}.Ad-Hoc|iPhoneSimulator.Build.0 = Release|Any CPU
		{A424B672-3EED-4F36-9A3B-3CDFDBDBAB4E}.Ad-Hoc|iPhoneSimulator.Deploy.0 = Release|Any CPU
		{A424B672-3EED-4F36-9A3B-3CDFDBDBAB4E}.Ad-Hoc|x64.ActiveCfg = Release|x64
		{A424B672-3EED-4F36-9A3B-3CDFDBDBAB4E}.Ad-Hoc|x64.Build.0 = Release|x64
		{A424B672-3EED-4F36-9A3B-3CDFDBDBAB4E}.Ad-Hoc|x64.Deploy.0 = Release|x64
		{A424B672-3EED-4F36-9A3B-3CDFDBDBAB4E}.Ad-Hoc|x86.ActiveCfg = Release|x86
		{A424B672-3EED-4F36-9A3B-3CDFDBDBAB4E}.Ad-Hoc|x86.Build.0 = Release|x86
		{A424B672-3EED-4F36-9A3B-3CDFDBDBAB4E}.Ad-Hoc|x86.Deploy.0 = Release|x86
		{A424B672-3EED-4F36-9A3B-3CDFDBDBAB4E}.AppStore|Any CPU.ActiveCfg = Release|Any CPU
		{A424B672-3EED-4F36-9A3B-3CDFDBDBAB4E}.AppStore|Any CPU.Build.0 = Release|Any CPU
		{A424B672-3EED-4F36-9A3B-3CDFDBDBAB4E}.AppStore|Any CPU.Deploy.0 = Release|Any CPU
		{A424B672-3EED-4F36-9A3B-3CDFDBDBAB4E}.AppStore|ARM.ActiveCfg = Release|ARM
		{A424B672-3EED-4F36-9A3B-3CDFDBDBAB4E}.AppStore|ARM.Build.0 = Release|ARM
		{A424B672-3EED-4F36-9A3B-3CDFDBDBAB4E}.AppStore|ARM.Deploy.0 = Release|ARM
		{A424B672-3EED-4F36-9A3B-3CDFDBDBAB4E}.AppStore|iPhone.ActiveCfg = Release|Any CPU
		{A424B672-3EED-4F36-9A3B-3CDFDBDBAB4E}.AppStore|iPhone.Build.0 = Release|Any CPU
		{A424B672-3EED-4F36-9A3B-3CDFDBDBAB4E}.AppStore|iPhone.Deploy.0 = Release|Any CPU
		{A424B672-3EED-4F36-9A3B-3CDFDBDBAB4E}.AppStore|iPhoneSimulator.ActiveCfg = Release|Any CPU
		{A424B672-3EED-4F36-9A3B-3CDFDBDBAB4E}.AppStore|iPhoneSimulator.Build.0 = Release|Any CPU
		{A424B672-3EED-4F36-9A3B-3CDFDBDBAB4E}.AppStore|iPhoneSimulator.Deploy.0 = Release|Any CPU
		{A424B672-3EED-4F36-9A3B-3CDFDBDBAB4E}.AppStore|x64.ActiveCfg = Release|x64
		{A424B672-3EED-4F36-9A3B-3CDFDBDBAB4E}.AppStore|x64.Build.0 = Release|x64
		{A424B672-3EED-4F36-9A3B-3CDFDBDBAB4E}.AppStore|x64.Deploy.0 = Release|x64
		{A424B672-3EED-4F36-9A3B-3CDFDBDBAB4E}.AppStore|x86.ActiveCfg = Release|x86
		{A424B672-3EED-4F36-9A3B-3CDFDBDBAB4E}.AppStore|x86.Build.0 = Release|x86
		{A424B672-3EED-4F36-9A3B-3CDFDBDBAB4E}.AppStore|x86.Deploy.0 = Release|x86
		{A424B672-3EED-4F36-9A3B-3CDFDBDBAB4E}.Debug|Any CPU.ActiveCfg = Debug|Any CPU
		{A424B672-3EED-4F36-9A3B-3CDFDBDBAB4E}.Debug|Any CPU.Build.0 = Debug|Any CPU
		{A424B672-3EED-4F36-9A3B-3CDFDBDBAB4E}.Debug|Any CPU.Deploy.0 = Debug|Any CPU
		{A424B672-3EED-4F36-9A3B-3CDFDBDBAB4E}.Debug|ARM.ActiveCfg = Debug|ARM
		{A424B672-3EED-4F36-9A3B-3CDFDBDBAB4E}.Debug|ARM.Build.0 = Debug|ARM
		{A424B672-3EED-4F36-9A3B-3CDFDBDBAB4E}.Debug|ARM.Deploy.0 = Debug|ARM
		{A424B672-3EED-4F36-9A3B-3CDFDBDBAB4E}.Debug|iPhone.ActiveCfg = Debug|Any CPU
		{A424B672-3EED-4F36-9A3B-3CDFDBDBAB4E}.Debug|iPhone.Build.0 = Debug|Any CPU
		{A424B672-3EED-4F36-9A3B-3CDFDBDBAB4E}.Debug|iPhone.Deploy.0 = Debug|Any CPU
		{A424B672-3EED-4F36-9A3B-3CDFDBDBAB4E}.Debug|iPhoneSimulator.ActiveCfg = Debug|Any CPU
		{A424B672-3EED-4F36-9A3B-3CDFDBDBAB4E}.Debug|iPhoneSimulator.Build.0 = Debug|Any CPU
		{A424B672-3EED-4F36-9A3B-3CDFDBDBAB4E}.Debug|iPhoneSimulator.Deploy.0 = Debug|Any CPU
		{A424B672-3EED-4F36-9A3B-3CDFDBDBAB4E}.Debug|x64.ActiveCfg = Debug|x64
		{A424B672-3EED-4F36-9A3B-3CDFDBDBAB4E}.Debug|x64.Build.0 = Debug|x64
		{A424B672-3EED-4F36-9A3B-3CDFDBDBAB4E}.Debug|x64.Deploy.0 = Debug|x64
		{A424B672-3EED-4F36-9A3B-3CDFDBDBAB4E}.Debug|x86.ActiveCfg = Debug|x86
		{A424B672-3EED-4F36-9A3B-3CDFDBDBAB4E}.Debug|x86.Build.0 = Debug|x86
		{A424B672-3EED-4F36-9A3B-3CDFDBDBAB4E}.Debug|x86.Deploy.0 = Debug|x86
		{A424B672-3EED-4F36-9A3B-3CDFDBDBAB4E}.Release|Any CPU.ActiveCfg = Release|Any CPU
		{A424B672-3EED-4F36-9A3B-3CDFDBDBAB4E}.Release|Any CPU.Build.0 = Release|Any CPU
		{A424B672-3EED-4F36-9A3B-3CDFDBDBAB4E}.Release|Any CPU.Deploy.0 = Release|Any CPU
		{A424B672-3EED-4F36-9A3B-3CDFDBDBAB4E}.Release|ARM.ActiveCfg = Release|ARM
		{A424B672-3EED-4F36-9A3B-3CDFDBDBAB4E}.Release|ARM.Build.0 = Release|ARM
		{A424B672-3EED-4F36-9A3B-3CDFDBDBAB4E}.Release|ARM.Deploy.0 = Release|ARM
		{A424B672-3EED-4F36-9A3B-3CDFDBDBAB4E}.Release|iPhone.ActiveCfg = Release|Any CPU
		{A424B672-3EED-4F36-9A3B-3CDFDBDBAB4E}.Release|iPhone.Build.0 = Release|Any CPU
		{A424B672-3EED-4F36-9A3B-3CDFDBDBAB4E}.Release|iPhone.Deploy.0 = Release|Any CPU
		{A424B672-3EED-4F36-9A3B-3CDFDBDBAB4E}.Release|iPhoneSimulator.ActiveCfg = Release|Any CPU
		{A424B672-3EED-4F36-9A3B-3CDFDBDBAB4E}.Release|iPhoneSimulator.Build.0 = Release|Any CPU
		{A424B672-3EED-4F36-9A3B-3CDFDBDBAB4E}.Release|iPhoneSimulator.Deploy.0 = Release|Any CPU
		{A424B672-3EED-4F36-9A3B-3CDFDBDBAB4E}.Release|x64.ActiveCfg = Release|x64
		{A424B672-3EED-4F36-9A3B-3CDFDBDBAB4E}.Release|x64.Build.0 = Release|x64
		{A424B672-3EED-4F36-9A3B-3CDFDBDBAB4E}.Release|x64.Deploy.0 = Release|x64
		{A424B672-3EED-4F36-9A3B-3CDFDBDBAB4E}.Release|x86.ActiveCfg = Release|x86
		{A424B672-3EED-4F36-9A3B-3CDFDBDBAB4E}.Release|x86.Build.0 = Release|x86
		{A424B672-3EED-4F36-9A3B-3CDFDBDBAB4E}.Release|x86.Deploy.0 = Release|x86
	EndGlobalSection
	GlobalSection(SolutionProperties) = preSolution
		HideSolutionNode = FALSE
	EndGlobalSection
EndGlobal
